
Microsoft Visual Studio Solution File, Format Version 12.00
# Visual Studio Version 16
VisualStudioVersion = 16.0.30611.23
MinimumVisualStudioVersion = 10.0.40219.1
Project("{FAE04EC0-301F-11D3-BF4B-00C04F79EFBC}") = "Game-Store", "Game-Store\Game-Store.csproj", "{C47FFECC-1D41-42DF-B364-192927E039C1}"
EndProject
Project("{FAE04EC0-301F-11D3-BF4B-00C04F79EFBC}") = "Game-Store.Data", "Game-Store.Data\Game-Store.Data.csproj", "{4FF5C3FF-48B4-4650-933A-45DA8A517335}"
EndProject
Project("{FAE04EC0-301F-11D3-BF4B-00C04F79EFBC}") = "Game-Store.Domain", "Game-Store.Domain\Game-Store.Domain.csproj", "{A8721FE1-EA43-42AD-82C1-0C6E289A138A}"
EndProject
Project("{FAE04EC0-301F-11D3-BF4B-00C04F79EFBC}") = "Game-Store.Domain.Services", "Game-Store.Domain.Services\Game-Store.Domain.Services.csproj", "{C14CCDE6-7D88-4ACA-91C6-A8B337D66229}"
EndProject
Global
	GlobalSection(SolutionConfigurationPlatforms) = preSolution
		Debug|Any CPU = Debug|Any CPU
		Release|Any CPU = Release|Any CPU
	EndGlobalSection
	GlobalSection(ProjectConfigurationPlatforms) = postSolution
		{C47FFECC-1D41-42DF-B364-192927E039C1}.Debug|Any CPU.ActiveCfg = Debug|Any CPU
		{C47FFECC-1D41-42DF-B364-192927E039C1}.Debug|Any CPU.Build.0 = Debug|Any CPU
		{C47FFECC-1D41-42DF-B364-192927E039C1}.Release|Any CPU.ActiveCfg = Release|Any CPU
		{C47FFECC-1D41-42DF-B364-192927E039C1}.Release|Any CPU.Build.0 = Release|Any CPU
		{4FF5C3FF-48B4-4650-933A-45DA8A517335}.Debug|Any CPU.ActiveCfg = Debug|Any CPU
		{4FF5C3FF-48B4-4650-933A-45DA8A517335}.Debug|Any CPU.Build.0 = Debug|Any CPU
		{4FF5C3FF-48B4-4650-933A-45DA8A517335}.Release|Any CPU.ActiveCfg = Release|Any CPU
		{4FF5C3FF-48B4-4650-933A-45DA8A517335}.Release|Any CPU.Build.0 = Release|Any CPU
		{A8721FE1-EA43-42AD-82C1-0C6E289A138A}.Debug|Any CPU.ActiveCfg = Debug|Any CPU
		{A8721FE1-EA43-42AD-82C1-0C6E289A138A}.Debug|Any CPU.Build.0 = Debug|Any CPU
		{A8721FE1-EA43-42AD-82C1-0C6E289A138A}.Release|Any CPU.ActiveCfg = Release|Any CPU
		{A8721FE1-EA43-42AD-82C1-0C6E289A138A}.Release|Any CPU.Build.0 = Release|Any CPU
		{C14CCDE6-7D88-4ACA-91C6-A8B337D66229}.Debug|Any CPU.ActiveCfg = Debug|Any CPU
		{C14CCDE6-7D88-4ACA-91C6-A8B337D66229}.Debug|Any CPU.Build.0 = Debug|Any CPU
		{C14CCDE6-7D88-4ACA-91C6-A8B337D66229}.Release|Any CPU.ActiveCfg = Release|Any CPU
		{C14CCDE6-7D88-4ACA-91C6-A8B337D66229}.Release|Any CPU.Build.0 = Release|Any CPU
	EndGlobalSection
	GlobalSection(SolutionProperties) = preSolution
		HideSolutionNode = FALSE
	EndGlobalSection
	GlobalSection(ExtensibilityGlobals) = postSolution
		SolutionGuid = {F92754FF-0354-49DC-826B-C168B3525F94}
	EndGlobalSection
EndGlobal
